
Microsoft Visual Studio Solution File, Format Version 12.00
# Visual Studio Version 16
VisualStudioVersion = 16.0.31112.23
MinimumVisualStudioVersion = 10.0.40219.1
Project("{FAE04EC0-301F-11D3-BF4B-00C04F79EFBC}") = "Practica_MVC_4", "Practica_MVC_4.csproj", "{8A2D1EA0-EEB0-432A-B71B-832543AD4855}"
EndProject
Global
	GlobalSection(SolutionConfigurationPlatforms) = preSolution
		Debug|Any CPU = Debug|Any CPU
		Release|Any CPU = Release|Any CPU
	EndGlobalSection
	GlobalSection(ProjectConfigurationPlatforms) = postSolution
		{8A2D1EA0-EEB0-432A-B71B-832543AD4855}.Debug|Any CPU.ActiveCfg = Debug|Any CPU
		{8A2D1EA0-EEB0-432A-B71B-832543AD4855}.Debug|Any CPU.Build.0 = Debug|Any CPU
		{8A2D1EA0-EEB0-432A-B71B-832543AD4855}.Release|Any CPU.ActiveCfg = Release|Any CPU
		{8A2D1EA0-EEB0-432A-B71B-832543AD4855}.Release|Any CPU.Build.0 = Release|Any CPU
	EndGlobalSection
	GlobalSection(SolutionProperties) = preSolution
		HideSolutionNode = FALSE
	EndGlobalSection
	GlobalSection(ExtensibilityGlobals) = postSolution
		SolutionGuid = {EF3A7700-1CE9-4C41-A635-9784A4A343BD}
	EndGlobalSection
EndGlobal
